// !$*UTF8*$!
{
	archiveVersion = 1;
	classes = {
	};
	objectVersion = 46;
	objects = {

/* Begin PBXBuildFile section */
		CC290FE11C70B66C004F0702 /* AppDelegate.swift in Sources */ = {isa = PBXBuildFile; fileRef = CC290FE01C70B66C004F0702 /* AppDelegate.swift */; };
		CC290FE31C70B66C004F0702 /* ViewController.swift in Sources */ = {isa = PBXBuildFile; fileRef = CC290FE21C70B66C004F0702 /* ViewController.swift */; };
		CC290FE61C70B66C004F0702 /* Main.storyboard in Resources */ = {isa = PBXBuildFile; fileRef = CC290FE41C70B66C004F0702 /* Main.storyboard */; };
		CC290FE81C70B66C004F0702 /* Assets.xcassets in Resources */ = {isa = PBXBuildFile; fileRef = CC290FE71C70B66C004F0702 /* Assets.xcassets */; };
		CC290FEB1C70B66C004F0702 /* LaunchScreen.storyboard in Resources */ = {isa = PBXBuildFile; fileRef = CC290FE91C70B66C004F0702 /* LaunchScreen.storyboard */; };
/* End PBXBuildFile section */

/* Begin PBXFileReference section */
		CC290FDD1C70B66C004F0702 /* week2mbp.app */ = {isa = PBXFileReference; explicitFileType = wrapper.application; includeInIndex = 0; path = week2mbp.app; sourceTree = BUILT_PRODUCTS_DIR; };
		CC290FE01C70B66C004F0702 /* AppDelegate.swift */ = {isa = PBXFileReference; lastKnownFileType = sourcecode.swift; path = AppDelegate.swift; sourceTree = "<group>"; };
		CC290FE21C70B66C004F0702 /* ViewController.swift */ = {isa = PBXFileReference; lastKnownFileType = sourcecode.swift; path = ViewController.swift; sourceTree = "<group>"; };
		CC290FE51C70B66C004F0702 /* Base */ = {isa = PBXFileReference; lastKnownFileType = file.storyboard; name = Base; path = Base.lproj/Main.storyboard; sourceTree = "<group>"; };
		CC290FE71C70B66C004F0702 /* Assets.xcassets */ = {isa = PBXFileReference; lastKnownFileType = folder.assetcatalog; path = Assets.xcassets; sourceTree = "<group>"; };
		CC290FEA1C70B66C004F0702 /* Base */ = {isa = PBXFileReference; lastKnownFileType = file.storyboard; name = Base; path = Base.lproj/LaunchScreen.storyboard; sourceTree = "<group>"; };
		CC290FEC1C70B66C004F0702 /* Info.plist */ = {isa = PBXFileReference; lastKnownFileType = text.plist.xml; path = Info.plist; sourceTree = "<group>"; };
/* End PBXFileReference section */

/* Begin PBXFrameworksBuildPhase section */
		CC290FDA1C70B66C004F0702 /* Frameworks */ = {
			isa = PBXFrameworksBuildPhase;
			buildActionMask = 2147483647;
			files = (
			);
			runOnlyForDeploymentPostprocessing = 0;
		};
/* End PBXFrameworksBuildPhase section */

/* Begin PBXGroup section */
		CC290FD41C70B66B004F0702 = {
			isa = PBXGroup;
			children = (
				CC290FDF1C70B66C004F0702 /* week2mbp */,
				CC290FDE1C70B66C004F0702 /* Products */,
			);
			sourceTree = "<group>";
		};
		CC290FDE1C70B66C004F0702 /* Products */ = {
			isa = PBXGroup;
			children = (
				CC290FDD1C70B66C004F0702 /* week2mbp.app */,
			);
			name = Products;
			sourceTree = "<group>";
		};
		CC290FDF1C70B66C004F0702 /* week2mbp */ = {
			isa = PBXGroup;
			children = (
				CC290FE01C70B66C004F0702 /* AppDelegate.swift */,
				CC290FE21C70B66C004F0702 /* ViewController.swift */,
				CC290FE41C70B66C004F0702 /* Main.storyboard */,
				CC290FE71C70B66C004F0702 /* Assets.xcassets */,
				CC290FE91C70B66C004F0702 /* LaunchScreen.storyboard */,
				CC290FEC1C70B66C004F0702 /* Info.plist */,
			);
			path = week2mbp;
			sourceTree = "<group>";
		};
/* End PBXGroup section */

/* Begin PBXNativeTarget section */
		CC290FDC1C70B66C004F0702 /* week2mbp */ = {
			isa = PBXNativeTarget;
			buildConfigurationList = CC290FEF1C70B66C004F0702 /* Build configuration list for PBXNativeTarget "week2mbp" */;
			buildPhases = (
				CC290FD91C70B66C004F0702 /* Sources */,
				CC290FDA1C70B66C004F0702 /* Frameworks */,
				CC290FDB1C70B66C004F0702 /* Resources */,
			);
			buildRules = (
			);
			dependencies = (
			);
			name = week2mbp;
			productName = week2mbp;
			productReference = CC290FDD1C70B66C004F0702 /* week2mbp.app */;
			productType = "com.apple.product-type.application";
		};
/* End PBXNativeTarget section */

/* Begin PBXProject section */
		CC290FD51C70B66B004F0702 /* Project object */ = {
			isa = PBXProject;
			attributes = {
				LastSwiftUpdateCheck = 0720;
				LastUpgradeCheck = 0720;
				ORGANIZATIONNAME = bob;
				TargetAttributes = {
					CC290FDC1C70B66C004F0702 = {
						CreatedOnToolsVersion = 7.2;
					};
				};
			};
			buildConfigurationList = CC290FD81C70B66B004F0702 /* Build configuration list for PBXProject "week2mbp" */;
			compatibilityVersion = "Xcode 3.2";
			developmentRegion = English;
			hasScannedForEncodings = 0;
			knownRegions = (
				en,
				Base,
			);
			mainGroup = CC290FD41C70B66B004F0702;
			productRefGroup = CC290FDE1C70B66C004F0702 /* Products */;
			projectDirPath = "";
			projectRoot = "";
			targets = (
				CC290FDC1C70B66C004F0702 /* week2mbp */,
			);
		};
/* End PBXProject section */

/* Begin PBXResourcesBuildPhase section */
		CC290FDB1C70B66C004F0702 /* Resources */ = {
			isa = PBXResourcesBuildPhase;
			buildActionMask = 2147483647;
			files = (
				CC290FEB1C70B66C004F0702 /* LaunchScreen.storyboard in Resources */,
				CC290FE81C70B66C004F0702 /* Assets.xcassets in Resources */,
				CC290FE61C70B66C004F0702 /* Main.storyboard in Resources */,
			);
			runOnlyForDeploymentPostprocessing = 0;
		};
/* End PBXResourcesBuildPhase section */

/* Begin PBXSourcesBuildPhase section */
		CC290FD91C70B66C004F0702 /* Sources */ = {
			isa = PBXSourcesBuildPhase;
			buildActionMask = 2147483647;
			files = (
				CC290FE31C70B66C004F0702 /* ViewController.swift in Sources */,
				CC290FE11C70B66C004F0702 /* AppDelegate.swift in Sources */,
			);
			runOnlyForDeploymentPostprocessing = 0;
		};
/* End PBXSourcesBuildPhase section */

/* Begin PBXVariantGroup section */
		CC290FE41C70B66C004F0702 /* Main.storyboard */ = {
			isa = PBXVariantGroup;
			children = (
				CC290FE51C70B66C004F0702 /* Base */,
			);
			name = Main.storyboard;
			sourceTree = "<group>";
		};
		CC290FE91C70B66C004F0702 /* LaunchScreen.storyboard */ = {
			isa = PBXVariantGroup;
			children = (
				CC290FEA1C70B66C004F0702 /* Base */,
			);
			name = LaunchScreen.storyboard;
			sourceTree = "<group>";
		};
/* End PBXVariantGroup section */

/* Begin XCBuildConfiguration section */
		CC290FED1C70B66C004F0702 /* Debug */ = {
			isa = XCBuildConfiguration;
			buildSettings = {
				ALWAYS_SEARCH_USER_PATHS = NO;
				CLANG_CXX_LANGUAGE_STANDARD = "gnu++0x";
				CLANG_CXX_LIBRARY = "libc++";
				CLANG_ENABLE_MODULES = YES;
				CLANG_ENABLE_OBJC_ARC = YES;
				CLANG_WARN_BOOL_CONVERSION = YES;
				CLANG_WARN_CONSTANT_CONVERSION = YES;
				CLANG_WARN_DIRECT_OBJC_ISA_USAGE = YES_ERROR;
				CLANG_WARN_EMPTY_BODY = YES;
				CLANG_WARN_ENUM_CONVERSION = YES;
				CLANG_WARN_INT_CONVERSION = YES;
				CLANG_WARN_OBJC_ROOT_CLASS = YES_ERROR;
				CLANG_WARN_UNREACHABLE_CODE = YES;
				CLANG_WARN__DUPLICATE_METHOD_MATCH = YES;
				"CODE_SIGN_IDENTITY[sdk=iphoneos*]" = "iPhone Developer";
				COPY_PHASE_STRIP = NO;
				DEBUG_INFORMATION_FORMAT = dwarf;
				ENABLE_STRICT_OBJC_MSGSEND = YES;
				ENABLE_TESTABILITY = YES;
				GCC_C_LANGUAGE_STANDARD = gnu99;
				GCC_DYNAMIC_NO_PIC = NO;
				GCC_NO_COMMON_BLOCKS = YES;
				GCC_OPTIMIZATION_LEVEL = 0;
				GCC_PREPROCESSOR_DEFINITIONS = (
					"DEBUG=1",
					"$(inherited)",
				);
				GCC_WARN_64_TO_32_BIT_CONVERSION = YES;
				GCC_WARN_ABOUT_RETURN_TYPE = YES_ERROR;
				GCC_WARN_UNDECLARED_SELECTOR = YES;
				GCC_WARN_UNINITIALIZED_AUTOS = YES_AGGRESSIVE;
				GCC_WARN_UNUSED_FUNCTION = YES;
				GCC_WARN_UNUSED_VARIABLE = YES;
				IPHONEOS_DEPLOYMENT_TARGET = 9.2;
				MTL_ENABLE_DEBUG_INFO = YES;
				ONLY_ACTIVE_ARCH = YES;
				SDKROOT = iphoneos;
				SWIFT_OPTIMIZATION_LEVEL = "-Onone";
				TARGETED_DEVICE_FAMILY = "1,2";
			};
			name = Debug;
		};
		CC290FEE1C70B66C004F0702 /* Release */ = {
			isa = XCBuildConfiguration;
			buildSettings = {
				ALWAYS_SEARCH_USER_PATHS = NO;
				CLANG_CXX_LANGUAGE_STANDARD = "gnu++0x";
				CLANG_CXX_LIBRARY = "libc++";
				CLANG_ENABLE_MODULES = YES;
				CLANG_ENABLE_OBJC_ARC = YES;
				CLANG_WARN_BOOL_CONVERSION = YES;
				CLANG_WARN_CONSTANT_CONVERSION = YES;
				CLANG_WARN_DIRECT_OBJC_ISA_USAGE = YES_ERROR;
				CLANG_WARN_EMPTY_BODY = YES;
				CLANG_WARN_ENUM_CONVERSION = YES;
				CLANG_WARN_INT_CONVERSION = YES;
				CLANG_WARN_OBJC_ROOT_CLASS = YES_ERROR;
				CLANG_WARN_UNREACHABLE_CODE = YES;
				CLANG_WARN__DUPLICATE_METHOD_MATCH = YES;
				"CODE_SIGN_IDENTITY[sdk=iphoneos*]" = "iPhone Developer";
				COPY_PHASE_STRIP = NO;
				DEBUG_INFORMATION_FORMAT = "dwarf-with-dsym";
				ENABLE_NS_ASSERTIONS = NO;
				ENABLE_STRICT_OBJC_MSGSEND = YES;
				GCC_C_LANGUAGE_STANDARD = gnu99;
				GCC_NO_COMMON_BLOCKS = YES;
				GCC_WARN_64_TO_32_BIT_CONVERSION = YES;
				GCC_WARN_ABOUT_RETURN_TYPE = YES_ERROR;
				GCC_WARN_UNDECLARED_SELECTOR = YES;
				GCC_WARN_UNINITIALIZED_AUTOS = YES_AGGRESSIVE;
				GCC_WARN_UNUSED_FUNCTION = YES;
				GCC_WARN_UNUSED_VARIABLE = YES;
				IPHONEOS_DEPLOYMENT_TARGET = 9.2;
				MTL_ENABLE_DEBUG_INFO = NO;
				SDKROOT = iphoneos;
				TARGETED_DEVICE_FAMILY = "1,2";
				VALIDATE_PRODUCT = YES;
			};
			name = Release;
		};
		CC290FF01C70B66C004F0702 /* Debug */ = {
			isa = XCBuildConfiguration;
			buildSettings = {
				ASSETCATALOG_COMPILER_APPICON_NAME = AppIcon;
				INFOPLIST_FILE = week2mbp/Info.plist;
				LD_RUNPATH_SEARCH_PATHS = "$(inherited) @executable_path/Frameworks";
				PRODUCT_BUNDLE_IDENTIFIER = nl.mprog.week2mbp;
				PRODUCT_NAME = "$(TARGET_NAME)";
			};
			name = Debug;
		};
		CC290FF11C70B66C004F0702 /* Release */ = {
			isa = XCBuildConfiguration;
			buildSettings = {
				ASSETCATALOG_COMPILER_APPICON_NAME = AppIcon;
				INFOPLIST_FILE = week2mbp/Info.plist;
				LD_RUNPATH_SEARCH_PATHS = "$(inherited) @executable_path/Frameworks";
				PRODUCT_BUNDLE_IDENTIFIER = nl.mprog.week2mbp;
				PRODUCT_NAME = "$(TARGET_NAME)";
			};
			name = Release;
		};
/* End XCBuildConfiguration section */

/* Begin XCConfigurationList section */
		CC290FD81C70B66B004F0702 /* Build configuration list for PBXProject "week2mbp" */ = {
			isa = XCConfigurationList;
			buildConfigurations = (
				CC290FED1C70B66C004F0702 /* Debug */,
				CC290FEE1C70B66C004F0702 /* Release */,
			);
			defaultConfigurationIsVisible = 0;
			defaultConfigurationName = Release;
		};
		CC290FEF1C70B66C004F0702 /* Build configuration list for PBXNativeTarget "week2mbp" */ = {
			isa = XCConfigurationList;
			buildConfigurations = (
				CC290FF01C70B66C004F0702 /* Debug */,
				CC290FF11C70B66C004F0702 /* Release */,
			);
			defaultConfigurationIsVisible = 0;
		};
/* End XCConfigurationList section */
	};
	rootObject = CC290FD51C70B66B004F0702 /* Project object */;
}
